
Microsoft Visual Studio Solution File, Format Version 12.00
# Visual Studio Version 17
VisualStudioVersion = 17.9.34622.214
MinimumVisualStudioVersion = 10.0.40219.1
Project("{FAE04EC0-301F-11D3-BF4B-00C04F79EFBC}") = "BusPlus", "BusPlus\BusPlus.csproj", "{8C86E913-CD06-446A-AAA5-4D65282BA6DE}"
EndProject
Global
	GlobalSection(SolutionConfigurationPlatforms) = preSolution
		Debug|Any CPU = Debug|Any CPU
		Release|Any CPU = Release|Any CPU
	EndGlobalSection
	GlobalSection(ProjectConfigurationPlatforms) = postSolution
		{8C86E913-CD06-446A-AAA5-4D65282BA6DE}.Debug|Any CPU.ActiveCfg = Debug|Any CPU
		{8C86E913-CD06-446A-AAA5-4D65282BA6DE}.Debug|Any CPU.Build.0 = Debug|Any CPU
		{8C86E913-CD06-446A-AAA5-4D65282BA6DE}.Release|Any CPU.ActiveCfg = Release|Any CPU
		{8C86E913-CD06-446A-AAA5-4D65282BA6DE}.Release|Any CPU.Build.0 = Release|Any CPU
	EndGlobalSection
	GlobalSection(SolutionProperties) = preSolution
		HideSolutionNode = FALSE
	EndGlobalSection
	GlobalSection(ExtensibilityGlobals) = postSolution
		SolutionGuid = {2F61ADB4-0E14-4602-9595-32250E0F24CC}
	EndGlobalSection
EndGlobal
